# This file is automatically @generated by Cargo.
# It is not intended for manual editing.
[[package]]
name = "ascii"
version = "0.9.3"
source = "registry+https://github.com/rust-lang/crates.io-index"
checksum = "eab1c04a571841102f5345a8fc0f6bb3d31c315dec879b5c6e42e40ce7ffa34e"

[[package]]
name = "backtrace"
version = "0.3.44"
source = "registry+https://github.com/rust-lang/crates.io-index"
checksum = "e4036b9bf40f3cf16aba72a3d65e8a520fc4bafcdc7079aea8f848c58c5b5536"
dependencies = [
 "backtrace-sys",
 "cfg-if",
 "libc",
 "rustc-demangle",
]

[[package]]
name = "backtrace-sys"
version = "0.1.32"
source = "registry+https://github.com/rust-lang/crates.io-index"
checksum = "5d6575f128516de27e3ce99689419835fce9643a9b215a14d2b5b685be018491"
dependencies = [
 "cc",
 "libc",
]

[[package]]
name = "bytecount"
version = "0.6.0"
source = "registry+https://github.com/rust-lang/crates.io-index"
checksum = "b0017894339f586ccb943b01b9555de56770c11cda818e7e3d8bd93f4ed7f46e"

[[package]]
name = "byteorder"
version = "1.3.4"
source = "registry+https://github.com/rust-lang/crates.io-index"
checksum = "08c48aae112d48ed9f069b33538ea9e3e90aa263cfa3d1c24309612b1f7472de"

[[package]]
name = "cc"
version = "1.0.50"
source = "registry+https://github.com/rust-lang/crates.io-index"
checksum = "95e28fa049fda1c330bcf9d723be7663a899c4679724b34c81e9f5a326aab8cd"

[[package]]
name = "cesu8"
version = "1.1.0"
source = "registry+https://github.com/rust-lang/crates.io-index"
checksum = "6d43a04d8753f35258c91f8ec639f792891f748a1edbd759cf1dcea3382ad83c"

[[package]]
name = "cfg-if"
version = "0.1.10"
source = "registry+https://github.com/rust-lang/crates.io-index"
checksum = "4785bdd1c96b2a846b2bd7cc02e86b6b3dbf14e7e53446c4f54c92a361040822"

[[package]]
name = "combine"
version = "3.8.1"
source = "registry+https://github.com/rust-lang/crates.io-index"
checksum = "da3da6baa321ec19e1cc41d31bf599f00c783d0517095cdaf0332e3fe8d20680"
dependencies = [
 "ascii",
 "byteorder",
 "either",
 "memchr",
 "unreachable",
]

[[package]]
name = "either"
version = "1.5.3"
source = "registry+https://github.com/rust-lang/crates.io-index"
checksum = "bb1f6b1ce1c140482ea30ddd3335fc0024ac7ee112895426e0a629a6c20adfe3"

[[package]]
name = "error-chain"
version = "0.12.2"
source = "registry+https://github.com/rust-lang/crates.io-index"
checksum = "d371106cc88ffdfb1eabd7111e432da544f16f3e2d7bf1dfe8bf575f1df045cd"
dependencies = [
 "backtrace",
 "version_check",
]

[[package]]
name = "firnparser"
version = "0.1.0"
dependencies = [
 "jni",
 "orgize",
 "serde_json",
]

[[package]]
name = "indextree"
version = "4.0.0"
source = "registry+https://github.com/rust-lang/crates.io-index"
checksum = "df86f0c82859379c2e9068f42fb345d4c0fba1bb09fcc52454ec19131a2aa068"

[[package]]
name = "itoa"
version = "0.4.5"
source = "registry+https://github.com/rust-lang/crates.io-index"
checksum = "b8b7a7c0c47db5545ed3fef7468ee7bb5b74691498139e4b3f6a20685dc6dd8e"

[[package]]
name = "jetscii"
version = "0.4.4"
source = "registry+https://github.com/rust-lang/crates.io-index"
checksum = "5f25cca2463cb19dbb1061eb3bd38a8b5e4ce1cc5a5a9fc0e02de486d92b9b05"

[[package]]
name = "jni"
version = "0.14.0"
source = "registry+https://github.com/rust-lang/crates.io-index"
checksum = "1981310da491a4f0f815238097d0d43d8072732b5ae5f8bd0d8eadf5bf245402"
dependencies = [
 "cesu8",
 "combine",
 "error-chain",
 "jni-sys",
 "log",
 "walkdir",
]

[[package]]
name = "jni-sys"
version = "0.3.0"
source = "registry+https://github.com/rust-lang/crates.io-index"
checksum = "8eaf4bc02d17cbdd7ff4c7438cafcdf7fb9a4613313ad11b4f8fefe7d3fa0130"

[[package]]
name = "lazy_static"
version = "1.4.0"
source = "registry+https://github.com/rust-lang/crates.io-index"
checksum = "e2abad23fbc42b3700f2f279844dc832adb2b2eb069b2df918f455c4e18cc646"

[[package]]
name = "libc"
version = "0.2.67"
source = "registry+https://github.com/rust-lang/crates.io-index"
checksum = "eb147597cdf94ed43ab7a9038716637d2d1bf2bc571da995d0028dec06bd3018"

[[package]]
name = "log"
version = "0.4.8"
source = "registry+https://github.com/rust-lang/crates.io-index"
checksum = "14b6052be84e6b71ab17edffc2eeabf5c2c3ae1fdb464aae35ac50c67a44e1f7"
dependencies = [
 "cfg-if",
]

[[package]]
name = "memchr"
version = "2.3.3"
source = "registry+https://github.com/rust-lang/crates.io-index"
checksum = "3728d817d99e5ac407411fa471ff9800a778d88a24685968b36824eaf4bee400"

[[package]]
name = "nom"
version = "5.1.1"
source = "registry+https://github.com/rust-lang/crates.io-index"
checksum = "0b471253da97532da4b61552249c521e01e736071f71c1a4f7ebbfbf0a06aad6"
dependencies = [
 "memchr",
 "version_check",
]

[[package]]
name = "orgize"
version = "0.8.4"
source = "registry+https://github.com/rust-lang/crates.io-index"
checksum = "bde6ef43755ce5bf4c88de5d09aaaeda915ea0fe99e2ca15a39bd33393b79af6"
dependencies = [
 "bytecount",
 "indextree",
 "jetscii",
 "lazy_static",
 "memchr",
 "nom",
 "serde",
 "serde_indextree",
]

[[package]]
name = "proc-macro2"
version = "1.0.9"
source = "registry+https://github.com/rust-lang/crates.io-index"
checksum = "6c09721c6781493a2a492a96b5a5bf19b65917fe6728884e7c44dd0c60ca3435"
dependencies = [
 "unicode-xid",
]

[[package]]
name = "quote"
version = "1.0.2"
source = "registry+https://github.com/rust-lang/crates.io-index"
checksum = "053a8c8bcc71fcce321828dc897a98ab9760bef03a4fc36693c231e5b3216cfe"
dependencies = [
 "proc-macro2",
]

[[package]]
name = "rustc-demangle"
version = "0.1.16"
source = "registry+https://github.com/rust-lang/crates.io-index"
checksum = "4c691c0e608126e00913e33f0ccf3727d5fc84573623b8d65b2df340b5201783"

[[package]]
name = "ryu"
version = "1.0.3"
source = "registry+https://github.com/rust-lang/crates.io-index"
checksum = "535622e6be132bccd223f4bb2b8ac8d53cda3c7a6394944d3b2b33fb974f9d76"

[[package]]
name = "same-file"
version = "1.0.6"
source = "registry+https://github.com/rust-lang/crates.io-index"
checksum = "93fc1dc3aaa9bfed95e02e6eadabb4baf7e3078b0bd1b4d7b6b0b68378900502"
dependencies = [
 "winapi-util",
]

[[package]]
name = "serde"
version = "1.0.106"
source = "registry+https://github.com/rust-lang/crates.io-index"
checksum = "36df6ac6412072f67cf767ebbde4133a5b2e88e76dc6187fa7104cd16f783399"
dependencies = [
 "serde_derive",
]

[[package]]
name = "serde_derive"
version = "1.0.106"
source = "registry+https://github.com/rust-lang/crates.io-index"
checksum = "9e549e3abf4fb8621bd1609f11dfc9f5e50320802273b12f3811a67e6716ea6c"
dependencies = [
 "proc-macro2",
 "quote",
 "syn",
]

[[package]]
name = "serde_indextree"
version = "0.2.0"
source = "registry+https://github.com/rust-lang/crates.io-index"
checksum = "a70e7d58005454b0ba863a8775df0c4391a8128c3a34974001de556d661bf74f"
dependencies = [
 "indextree",
 "serde",
]

[[package]]
name = "serde_json"
version = "1.0.51"
source = "registry+https://github.com/rust-lang/crates.io-index"
checksum = "da07b57ee2623368351e9a0488bb0b261322a15a6e0ae53e243cbdc0f4208da9"
dependencies = [
 "itoa",
 "ryu",
 "serde",
]

[[package]]
name = "syn"
version = "1.0.16"
source = "registry+https://github.com/rust-lang/crates.io-index"
checksum = "123bd9499cfb380418d509322d7a6d52e5315f064fe4b3ad18a53d6b92c07859"
dependencies = [
 "proc-macro2",
 "quote",
 "unicode-xid",
]

[[package]]
name = "unicode-xid"
version = "0.2.0"
source = "registry+https://github.com/rust-lang/crates.io-index"
checksum = "826e7639553986605ec5979c7dd957c7895e93eabed50ab2ffa7f6128a75097c"

[[package]]
name = "unreachable"
version = "1.0.0"
source = "registry+https://github.com/rust-lang/crates.io-index"
checksum = "382810877fe448991dfc7f0dd6e3ae5d58088fd0ea5e35189655f84e6814fa56"
dependencies = [
 "void",
]

[[package]]
name = "version_check"
version = "0.9.1"
source = "registry+https://github.com/rust-lang/crates.io-index"
checksum = "078775d0255232fb988e6fccf26ddc9d1ac274299aaedcedce21c6f72cc533ce"

[[package]]
name = "void"
version = "1.0.2"
source = "registry+https://github.com/rust-lang/crates.io-index"
checksum = "6a02e4885ed3bc0f2de90ea6dd45ebcbb66dacffe03547fadbb0eeae2770887d"

[[package]]
name = "walkdir"
version = "2.3.1"
source = "registry+https://github.com/rust-lang/crates.io-index"
checksum = "777182bc735b6424e1a57516d35ed72cb8019d85c8c9bf536dccb3445c1a2f7d"
dependencies = [
 "same-file",
 "winapi",
 "winapi-util",
]

[[package]]
name = "winapi"
version = "0.3.8"
source = "registry+https://github.com/rust-lang/crates.io-index"
checksum = "8093091eeb260906a183e6ae1abdba2ef5ef2257a21801128899c3fc699229c6"
dependencies = [
 "winapi-i686-pc-windows-gnu",
 "winapi-x86_64-pc-windows-gnu",
]

[[package]]
name = "winapi-i686-pc-windows-gnu"
version = "0.4.0"
source = "registry+https://github.com/rust-lang/crates.io-index"
checksum = "ac3b87c63620426dd9b991e5ce0329eff545bccbbb34f3be09ff6fb6ab51b7b6"

[[package]]
name = "winapi-util"
version = "0.1.3"
source = "registry+https://github.com/rust-lang/crates.io-index"
checksum = "4ccfbf554c6ad11084fb7517daca16cfdcaccbdadba4fc336f032a8b12c2ad80"
dependencies = [
 "winapi",
]

[[package]]
name = "winapi-x86_64-pc-windows-gnu"
version = "0.4.0"
source = "registry+https://github.com/rust-lang/crates.io-index"
checksum = "712e227841d057c1ee1cd2fb22fa7e5a5461ae8e48fa2ca79ec42cfc1931183f"
